# THIS IS AN AUTOGENERATED FILE. DO NOT EDIT THIS FILE DIRECTLY.
# yarn lockfile v1


pg-query-emscripten@^0.1.0:
  version "0.1.0"
  resolved "https://registry.yarnpkg.com/pg-query-emscripten/-/pg-query-emscripten-0.1.0.tgz#a4c6c7c6b3645ab0a4436bf650f3bcdf5b530c23"
  integrity sha512-Awwf0s6gyVZEmZeMLXnXZOIQveqVEBFhxMkR0UcMmijwX/y9FW1od71X1hNRtGFWrU/ML5sxerZyH20pvpLGuA==

"typescript-sql-tagged-template-plugin@file:./..":
  version "0.0.1"
  dependencies:
    pg-query-emscripten "^0.1.0"
    typescript-template-language-service-decorator "^2.2.0"

typescript-template-language-service-decorator@^2.2.0:
  version "2.2.0"
  resolved "https://registry.yarnpkg.com/typescript-template-language-service-decorator/-/typescript-template-language-service-decorator-2.2.0.tgz#4ee6d580f307fb9239978e69626f2775b8a59b2a"
  integrity sha512-xiolqt1i7e22rpqMaprPgSFVgU64u3b9n6EJlAaUYE61jumipKAdI1+O5khPlWslpTUj80YzjUKjJ2jxT0D74w==

typescript@^3.5.3:
  version "3.5.3"
  resolved "https://registry.yarnpkg.com/typescript/-/typescript-3.5.3.tgz#c830f657f93f1ea846819e929092f5fe5983e977"
  integrity sha512-ACzBtm/PhXBDId6a6sDJfroT2pOWt/oOnk4/dElG5G33ZL776N3Y6/6bKZJBFpd+b05F3Ct9qDjMeJmRWtE2/g==
