# THIS IS AN AUTOGENERATED FILE. DO NOT EDIT THIS FILE DIRECTLY.
# yarn lockfile v1


pg-query-emscripten@^0.1.0:
  version "0.1.0"
  resolved "https://registry.yarnpkg.com/pg-query-emscripten/-/pg-query-emscripten-0.1.0.tgz#a4c6c7c6b3645ab0a4436bf650f3bcdf5b530c23"
  integrity sha512-Awwf0s6gyVZEmZeMLXnXZOIQveqVEBFhxMkR0UcMmijwX/y9FW1od71X1hNRtGFWrU/ML5sxerZyH20pvpLGuA==

"typescript-sql-tagged-template-plugin@file:./..":
  version "0.2.0"
  dependencies:
    pg-query-emscripten "^0.1.0"
    typescript-template-language-service-decorator "^2.3.2"

typescript-template-language-service-decorator@^2.3.2:
  version "2.3.2"
  resolved "https://registry.yarnpkg.com/typescript-template-language-service-decorator/-/typescript-template-language-service-decorator-2.3.2.tgz#095c1b5ea88c839d9b202fad3ec8c87c1b062953"
  integrity sha512-hN0zNkr5luPCeXTlXKxsfBPlkAzx86ZRM1vPdL7DbEqqWoeXSxplACy98NpKpLmXsdq7iePUzAXloCAoPKBV6A==

typescript@^5.1.3:
  version "5.1.3"
  resolved "https://registry.yarnpkg.com/typescript/-/typescript-5.1.3.tgz#8d84219244a6b40b6fb2b33cc1c062f715b9e826"
  integrity sha512-XH627E9vkeqhlZFQuL+UsyAXEnibT0kWR2FWONlr4sTjvxyJYnyefgrkyECLzM5NenmKzRAy2rR/OlYLA1HkZw==
